// !$*UTF8*$!
{
	archiveVersion = 1;
	classes = {
	};
	objectVersion = 55;
	objects = {

/* Begin PBXBuildFile section */
		F82FDA1D28C251690045B18F /* customTabBar.swift in Sources */ = {isa = PBXBuildFile; fileRef = F82FDA1C28C251690045B18F /* customTabBar.swift */; };
		F82FDA2128C259090045B18F /* Notifications.swift in Sources */ = {isa = PBXBuildFile; fileRef = F82FDA2028C259090045B18F /* Notifications.swift */; };
		F82FDA2328C259690045B18F /* Messeges.swift in Sources */ = {isa = PBXBuildFile; fileRef = F82FDA2228C259690045B18F /* Messeges.swift */; };
		F82FDA3728C26D6F0045B18F /* CustomCorners.swift in Sources */ = {isa = PBXBuildFile; fileRef = F82FDA3628C26D6F0045B18F /* CustomCorners.swift */; };
		F82FDA3928C26D740045B18F /* MainView.swift in Sources */ = {isa = PBXBuildFile; fileRef = F82FDA3828C26D740045B18F /* MainView.swift */; };
		F82FDA3B28C26D780045B18F /* Homee.swift in Sources */ = {isa = PBXBuildFile; fileRef = F82FDA3A28C26D780045B18F /* Homee.swift */; };
		F82FDA3D28C26D7B0045B18F /* SideMenu.swift in Sources */ = {isa = PBXBuildFile; fileRef = F82FDA3C28C26D7B0045B18F /* SideMenu.swift */; };
		F82FDA3F28C26D7E0045B18F /* TabButton.swift in Sources */ = {isa = PBXBuildFile; fileRef = F82FDA3E28C26D7E0045B18F /* TabButton.swift */; };
		F82FDA4128C2976F0045B18F /* BuyCustomTabBar.swift in Sources */ = {isa = PBXBuildFile; fileRef = F82FDA4028C2976F0045B18F /* BuyCustomTabBar.swift */; };
		F82FDA4328C2E5F70045B18F /* Favorites.swift in Sources */ = {isa = PBXBuildFile; fileRef = F82FDA4228C2E5F60045B18F /* Favorites.swift */; };
		F82FDA4528C2E6710045B18F /* BusinessAcademy.swift in Sources */ = {isa = PBXBuildFile; fileRef = F82FDA4428C2E6710045B18F /* BusinessAcademy.swift */; };
		F843678028BB139700EE212B /* Buy2.swift in Sources */ = {isa = PBXBuildFile; fileRef = F843677F28BB139700EE212B /* Buy2.swift */; };
		F84E577028B6A8440077A60F /* Store_sApp.swift in Sources */ = {isa = PBXBuildFile; fileRef = F84E576F28B6A8440077A60F /* Store_sApp.swift */; };
		F84E577228B6A8440077A60F /* ContentView.swift in Sources */ = {isa = PBXBuildFile; fileRef = F84E577128B6A8440077A60F /* ContentView.swift */; };
		F84E577428B6A8450077A60F /* Assets.xcassets in Resources */ = {isa = PBXBuildFile; fileRef = F84E577328B6A8450077A60F /* Assets.xcassets */; };
		F84E577728B6A8450077A60F /* Preview Assets.xcassets in Resources */ = {isa = PBXBuildFile; fileRef = F84E577628B6A8450077A60F /* Preview Assets.xcassets */; };
		F84E577E28B6A8590077A60F /* NavigationBar.swift in Sources */ = {isa = PBXBuildFile; fileRef = F84E577D28B6A8590077A60F /* NavigationBar.swift */; };
		F84E578028B6A85D0077A60F /* PersonalPage.swift in Sources */ = {isa = PBXBuildFile; fileRef = F84E577F28B6A85D0077A60F /* PersonalPage.swift */; };
		F84E578428B6A8640077A60F /* Sell1.swift in Sources */ = {isa = PBXBuildFile; fileRef = F84E578328B6A8640077A60F /* Sell1.swift */; };
		F84E578628B6A8670077A60F /* Home.swift in Sources */ = {isa = PBXBuildFile; fileRef = F84E578528B6A8670077A60F /* Home.swift */; };
		F84E578828B6A9430077A60F /* junk in Resources */ = {isa = PBXBuildFile; fileRef = F84E578728B6A9430077A60F /* junk */; };
		F85D6E7E28BD0CC4002F7F1C /* shopModel.swift in Sources */ = {isa = PBXBuildFile; fileRef = F85D6E7D28BD0CC4002F7F1C /* shopModel.swift */; };
		F85D6E8028BD45DB002F7F1C /* GiftsBuy.swift in Sources */ = {isa = PBXBuildFile; fileRef = F85D6E7F28BD45DB002F7F1C /* GiftsBuy.swift */; };
		F85D6E8228BD45F3002F7F1C /* ClothesBuy.swift in Sources */ = {isa = PBXBuildFile; fileRef = F85D6E8128BD45F3002F7F1C /* ClothesBuy.swift */; };
		F85D6E8428BD4635002F7F1C /* TechnologyBuy.swift in Sources */ = {isa = PBXBuildFile; fileRef = F85D6E8328BD4635002F7F1C /* TechnologyBuy.swift */; };
		F85D6E8628BD464C002F7F1C /* OtherBuy.swift in Sources */ = {isa = PBXBuildFile; fileRef = F85D6E8528BD464C002F7F1C /* OtherBuy.swift */; };
		F85D6E8928BE3E88002F7F1C /* Buy3.swift in Sources */ = {isa = PBXBuildFile; fileRef = F85D6E8828BE3E88002F7F1C /* Buy3.swift */; };
		F85D6E8B28BE7236002F7F1C /* Basket.swift in Sources */ = {isa = PBXBuildFile; fileRef = F85D6E8A28BE7236002F7F1C /* Basket.swift */; };
		F88656E928C446FD00B99C10 /* academyVideos.swift in Sources */ = {isa = PBXBuildFile; fileRef = F88656E828C446FD00B99C10 /* academyVideos.swift */; };
		F88656EC28C5124600B99C10 /* academyArticles.swift in Sources */ = {isa = PBXBuildFile; fileRef = F88656EB28C5124600B99C10 /* academyArticles.swift */; };
		F88656EE28C5125600B99C10 /* academyGames.swift in Sources */ = {isa = PBXBuildFile; fileRef = F88656ED28C5125600B99C10 /* academyGames.swift */; };
		F88656F028C5126100B99C10 /* academyLessons.swift in Sources */ = {isa = PBXBuildFile; fileRef = F88656EF28C5126100B99C10 /* academyLessons.swift */; };
		F88656F228C5126A00B99C10 /* academyHelp.swift in Sources */ = {isa = PBXBuildFile; fileRef = F88656F128C5126A00B99C10 /* academyHelp.swift */; };
		F88656F628C532A500B99C10 /* quiezGame.swift in Sources */ = {isa = PBXBuildFile; fileRef = F88656F528C532A500B99C10 /* quiezGame.swift */; };
		F88656F928C532F700B99C10 /* HoneyCombGridView.swift in Sources */ = {isa = PBXBuildFile; fileRef = F88656F828C532F700B99C10 /* HoneyCombGridView.swift */; };
		F88656FB28C5331600B99C10 /* HexagonShape.swift in Sources */ = {isa = PBXBuildFile; fileRef = F88656FA28C5331600B99C10 /* HexagonShape.swift */; };
		F88656FD28C5334D00B99C10 /* Puzzle.swift in Sources */ = {isa = PBXBuildFile; fileRef = F88656FC28C5334D00B99C10 /* Puzzle.swift */; };
		F88656FF28C5361F00B99C10 /* calenHome.swift in Sources */ = {isa = PBXBuildFile; fileRef = F88656FE28C5361E00B99C10 /* calenHome.swift */; };
		F886570228C53B6300B99C10 /* CustomDatePicker.swift in Sources */ = {isa = PBXBuildFile; fileRef = F886570128C53B6300B99C10 /* CustomDatePicker.swift */; };
		F886570428C53B8B00B99C10 /* DateValue.swift in Sources */ = {isa = PBXBuildFile; fileRef = F886570328C53B8B00B99C10 /* DateValue.swift */; };
		F886570628C53BEA00B99C10 /* Task.swift in Sources */ = {isa = PBXBuildFile; fileRef = F886570528C53BEA00B99C10 /* Task.swift */; };
		F896019F28C5692C005FAF98 /* Launch Screen.storyboard in Resources */ = {isa = PBXBuildFile; fileRef = F896019E28C5692C005FAF98 /* Launch Screen.storyboard */; };
		F8A6925428BABC7D00158F3B /* Buy1.swift in Sources */ = {isa = PBXBuildFile; fileRef = F8A6925328BABC7D00158F3B /* Buy1.swift */; };
		F8A6925828BAC12000158F3B /* FoodBuy.swift in Sources */ = {isa = PBXBuildFile; fileRef = F8A6925728BAC12000158F3B /* FoodBuy.swift */; };
		F8BB0C7028BBE9C900498523 /* DetailsModel.swift in Sources */ = {isa = PBXBuildFile; fileRef = F8BB0C6F28BBE9C900498523 /* DetailsModel.swift */; };
		F8BCFBD528B70302000E614D /* Product Details.swift in Sources */ = {isa = PBXBuildFile; fileRef = F8BCFBD428B70302000E614D /* Product Details.swift */; };
		F8BCFBD728B7035D000E614D /* ImagePicker.swift in Sources */ = {isa = PBXBuildFile; fileRef = F8BCFBD628B7035D000E614D /* ImagePicker.swift */; };
		F8CB834328BB97CD00B1329A /* Sell2-1.swift in Sources */ = {isa = PBXBuildFile; fileRef = F8CB834228BB97CD00B1329A /* Sell2-1.swift */; };
/* End PBXBuildFile section */

/* Begin PBXFileReference section */
		F82FDA1C28C251690045B18F /* customTabBar.swift */ = {isa = PBXFileReference; fileEncoding = 4; lastKnownFileType = sourcecode.swift; path = customTabBar.swift; sourceTree = "<group>"; };
		F82FDA2028C259090045B18F /* Notifications.swift */ = {isa = PBXFileReference; lastKnownFileType = sourcecode.swift; path = Notifications.swift; sourceTree = "<group>"; };
		F82FDA2228C259690045B18F /* Messeges.swift */ = {isa = PBXFileReference; lastKnownFileType = sourcecode.swift; path = Messeges.swift; sourceTree = "<group>"; };
		F82FDA3628C26D6F0045B18F /* CustomCorners.swift */ = {isa = PBXFileReference; fileEncoding = 4; lastKnownFileType = sourcecode.swift; path = CustomCorners.swift; sourceTree = "<group>"; };
		F82FDA3828C26D740045B18F /* MainView.swift */ = {isa = PBXFileReference; fileEncoding = 4; lastKnownFileType = sourcecode.swift; path = MainView.swift; sourceTree = "<group>"; };
		F82FDA3A28C26D780045B18F /* Homee.swift */ = {isa = PBXFileReference; fileEncoding = 4; lastKnownFileType = sourcecode.swift; path = Homee.swift; sourceTree = "<group>"; };
		F82FDA3C28C26D7B0045B18F /* SideMenu.swift */ = {isa = PBXFileReference; fileEncoding = 4; lastKnownFileType = sourcecode.swift; path = SideMenu.swift; sourceTree = "<group>"; };
		F82FDA3E28C26D7E0045B18F /* TabButton.swift */ = {isa = PBXFileReference; fileEncoding = 4; lastKnownFileType = sourcecode.swift; path = TabButton.swift; sourceTree = "<group>"; };
		F82FDA4028C2976F0045B18F /* BuyCustomTabBar.swift */ = {isa = PBXFileReference; lastKnownFileType = sourcecode.swift; path = BuyCustomTabBar.swift; sourceTree = "<group>"; };
		F82FDA4228C2E5F60045B18F /* Favorites.swift */ = {isa = PBXFileReference; lastKnownFileType = sourcecode.swift; path = Favorites.swift; sourceTree = "<group>"; };
		F82FDA4428C2E6710045B18F /* BusinessAcademy.swift */ = {isa = PBXFileReference; lastKnownFileType = sourcecode.swift; path = BusinessAcademy.swift; sourceTree = "<group>"; };
		F843677F28BB139700EE212B /* Buy2.swift */ = {isa = PBXFileReference; lastKnownFileType = sourcecode.swift; path = Buy2.swift; sourceTree = "<group>"; };
		F84E576C28B6A8440077A60F /* Store.s.app */ = {isa = PBXFileReference; explicitFileType = wrapper.application; includeInIndex = 0; path = Store.s.app; sourceTree = BUILT_PRODUCTS_DIR; };
		F84E576F28B6A8440077A60F /* Store_sApp.swift */ = {isa = PBXFileReference; lastKnownFileType = sourcecode.swift; path = Store_sApp.swift; sourceTree = "<group>"; };
		F84E577128B6A8440077A60F /* ContentView.swift */ = {isa = PBXFileReference; lastKnownFileType = sourcecode.swift; path = ContentView.swift; sourceTree = "<group>"; };
		F84E577328B6A8450077A60F /* Assets.xcassets */ = {isa = PBXFileReference; lastKnownFileType = folder.assetcatalog; path = Assets.xcassets; sourceTree = "<group>"; };
		F84E577628B6A8450077A60F /* Preview Assets.xcassets */ = {isa = PBXFileReference; lastKnownFileType = folder.assetcatalog; path = "Preview Assets.xcassets"; sourceTree = "<group>"; };
		F84E577D28B6A8590077A60F /* NavigationBar.swift */ = {isa = PBXFileReference; fileEncoding = 4; lastKnownFileType = sourcecode.swift; path = NavigationBar.swift; sourceTree = "<group>"; };
		F84E577F28B6A85D0077A60F /* PersonalPage.swift */ = {isa = PBXFileReference; fileEncoding = 4; lastKnownFileType = sourcecode.swift; path = PersonalPage.swift; sourceTree = "<group>"; };
		F84E578328B6A8640077A60F /* Sell1.swift */ = {isa = PBXFileReference; fileEncoding = 4; lastKnownFileType = sourcecode.swift; path = Sell1.swift; sourceTree = "<group>"; };
		F84E578528B6A8670077A60F /* Home.swift */ = {isa = PBXFileReference; fileEncoding = 4; lastKnownFileType = sourcecode.swift; path = Home.swift; sourceTree = "<group>"; };
		F84E578728B6A9430077A60F /* junk */ = {isa = PBXFileReference; lastKnownFileType = folder; path = junk; sourceTree = "<group>"; };
		F85D6E7D28BD0CC4002F7F1C /* shopModel.swift */ = {isa = PBXFileReference; lastKnownFileType = sourcecode.swift; path = shopModel.swift; sourceTree = "<group>"; };
		F85D6E7F28BD45DB002F7F1C /* GiftsBuy.swift */ = {isa = PBXFileReference; lastKnownFileType = sourcecode.swift; path = GiftsBuy.swift; sourceTree = "<group>"; };
		F85D6E8128BD45F3002F7F1C /* ClothesBuy.swift */ = {isa = PBXFileReference; lastKnownFileType = sourcecode.swift; path = ClothesBuy.swift; sourceTree = "<group>"; };
		F85D6E8328BD4635002F7F1C /* TechnologyBuy.swift */ = {isa = PBXFileReference; lastKnownFileType = sourcecode.swift; path = TechnologyBuy.swift; sourceTree = "<group>"; };
		F85D6E8528BD464C002F7F1C /* OtherBuy.swift */ = {isa = PBXFileReference; lastKnownFileType = sourcecode.swift; path = OtherBuy.swift; sourceTree = "<group>"; };
		F85D6E8828BE3E88002F7F1C /* Buy3.swift */ = {isa = PBXFileReference; lastKnownFileType = sourcecode.swift; path = Buy3.swift; sourceTree = "<group>"; };
		F85D6E8A28BE7236002F7F1C /* Basket.swift */ = {isa = PBXFileReference; lastKnownFileType = sourcecode.swift; path = Basket.swift; sourceTree = "<group>"; };
		F88656E828C446FD00B99C10 /* academyVideos.swift */ = {isa = PBXFileReference; lastKnownFileType = sourcecode.swift; path = academyVideos.swift; sourceTree = "<group>"; };
		F88656EB28C5124600B99C10 /* academyArticles.swift */ = {isa = PBXFileReference; lastKnownFileType = sourcecode.swift; path = academyArticles.swift; sourceTree = "<group>"; };
		F88656ED28C5125600B99C10 /* academyGames.swift */ = {isa = PBXFileReference; lastKnownFileType = sourcecode.swift; path = academyGames.swift; sourceTree = "<group>"; };
		F88656EF28C5126100B99C10 /* academyLessons.swift */ = {isa = PBXFileReference; lastKnownFileType = sourcecode.swift; path = academyLessons.swift; sourceTree = "<group>"; };
		F88656F128C5126A00B99C10 /* academyHelp.swift */ = {isa = PBXFileReference; lastKnownFileType = sourcecode.swift; path = academyHelp.swift; sourceTree = "<group>"; };
		F88656F528C532A500B99C10 /* quiezGame.swift */ = {isa = PBXFileReference; lastKnownFileType = sourcecode.swift; path = quiezGame.swift; sourceTree = "<group>"; };
		F88656F828C532F700B99C10 /* HoneyCombGridView.swift */ = {isa = PBXFileReference; lastKnownFileType = sourcecode.swift; path = HoneyCombGridView.swift; sourceTree = "<group>"; };
		F88656FA28C5331600B99C10 /* HexagonShape.swift */ = {isa = PBXFileReference; lastKnownFileType = sourcecode.swift; path = HexagonShape.swift; sourceTree = "<group>"; };
		F88656FC28C5334D00B99C10 /* Puzzle.swift */ = {isa = PBXFileReference; lastKnownFileType = sourcecode.swift; path = Puzzle.swift; sourceTree = "<group>"; };
		F88656FE28C5361E00B99C10 /* calenHome.swift */ = {isa = PBXFileReference; lastKnownFileType = sourcecode.swift; path = calenHome.swift; sourceTree = "<group>"; };
		F886570128C53B6300B99C10 /* CustomDatePicker.swift */ = {isa = PBXFileReference; lastKnownFileType = sourcecode.swift; path = CustomDatePicker.swift; sourceTree = "<group>"; };
		F886570328C53B8B00B99C10 /* DateValue.swift */ = {isa = PBXFileReference; lastKnownFileType = sourcecode.swift; path = DateValue.swift; sourceTree = "<group>"; };
		F886570528C53BEA00B99C10 /* Task.swift */ = {isa = PBXFileReference; lastKnownFileType = sourcecode.swift; path = Task.swift; sourceTree = "<group>"; };
		F896019E28C5692C005FAF98 /* Launch Screen.storyboard */ = {isa = PBXFileReference; lastKnownFileType = file.storyboard; path = "Launch Screen.storyboard"; sourceTree = "<group>"; };
		F8A6925328BABC7D00158F3B /* Buy1.swift */ = {isa = PBXFileReference; lastKnownFileType = sourcecode.swift; path = Buy1.swift; sourceTree = "<group>"; };
		F8A6925728BAC12000158F3B /* FoodBuy.swift */ = {isa = PBXFileReference; lastKnownFileType = sourcecode.swift; path = FoodBuy.swift; sourceTree = "<group>"; };
		F8BB0C6F28BBE9C900498523 /* DetailsModel.swift */ = {isa = PBXFileReference; lastKnownFileType = sourcecode.swift; path = DetailsModel.swift; sourceTree = "<group>"; };
		F8BCFBD428B70302000E614D /* Product Details.swift */ = {isa = PBXFileReference; lastKnownFileType = sourcecode.swift; path = "Product Details.swift"; sourceTree = "<group>"; };
		F8BCFBD628B7035D000E614D /* ImagePicker.swift */ = {isa = PBXFileReference; lastKnownFileType = sourcecode.swift; path = ImagePicker.swift; sourceTree = "<group>"; };
		F8CB834228BB97CD00B1329A /* Sell2-1.swift */ = {isa = PBXFileReference; lastKnownFileType = sourcecode.swift; path = "Sell2-1.swift"; sourceTree = "<group>"; };
/* End PBXFileReference section */

/* Begin PBXFrameworksBuildPhase section */
		F84E576928B6A8440077A60F /* Frameworks */ = {
			isa = PBXFrameworksBuildPhase;
			buildActionMask = 2147483647;
			files = (
			);
			runOnlyForDeploymentPostprocessing = 0;
		};
/* End PBXFrameworksBuildPhase section */

/* Begin PBXGroup section */
		F82FDA1928C2513E0045B18F /* customTabBar Group */ = {
			isa = PBXGroup;
			children = (
				F82FDA1C28C251690045B18F /* customTabBar.swift */,
				F82FDA4028C2976F0045B18F /* BuyCustomTabBar.swift */,
			);
			path = "customTabBar Group";
			sourceTree = "<group>";
		};
		F82FDA3528C26D640045B18F /* Vieww */ = {
			isa = PBXGroup;
			children = (
				F82FDA3828C26D740045B18F /* MainView.swift */,
				F82FDA3A28C26D780045B18F /* Homee.swift */,
				F82FDA3628C26D6F0045B18F /* CustomCorners.swift */,
				F82FDA3C28C26D7B0045B18F /* SideMenu.swift */,
				F82FDA3E28C26D7E0045B18F /* TabButton.swift */,
			);
			path = Vieww;
			sourceTree = "<group>";
		};
		F84E576328B6A8440077A60F = {
			isa = PBXGroup;
			children = (
				F84E576E28B6A8440077A60F /* Store.s */,
				F84E576D28B6A8440077A60F /* Products */,
			);
			sourceTree = "<group>";
		};
		F84E576D28B6A8440077A60F /* Products */ = {
			isa = PBXGroup;
			children = (
				F84E576C28B6A8440077A60F /* Store.s.app */,
			);
			name = Products;
			sourceTree = "<group>";
		};
		F84E576E28B6A8440077A60F /* Store.s */ = {
			isa = PBXGroup;
			children = (
				F84E576F28B6A8440077A60F /* Store_sApp.swift */,
				F84E577128B6A8440077A60F /* ContentView.swift */,
				F88C0E3B28C3E84A00516D7C /* viewsss */,
				F88C0E3C28C3E88100516D7C /* importent */,
				F85D6E8728BD47E0002F7F1C /* shoptypes */,
				F82FDA1928C2513E0045B18F /* customTabBar Group */,
				F82FDA3528C26D640045B18F /* Vieww */,
				F84E578728B6A9430077A60F /* junk */,
				F84E577328B6A8450077A60F /* Assets.xcassets */,
				F84E577528B6A8450077A60F /* Preview Content */,
			);
			path = Store.s;
			sourceTree = "<group>";
		};
		F84E577528B6A8450077A60F /* Preview Content */ = {
			isa = PBXGroup;
			children = (
				F84E577628B6A8450077A60F /* Preview Assets.xcassets */,
			);
			path = "Preview Content";
			sourceTree = "<group>";
		};
		F85D6E8728BD47E0002F7F1C /* shoptypes */ = {
			isa = PBXGroup;
			children = (
				F8A6925728BAC12000158F3B /* FoodBuy.swift */,
				F85D6E7F28BD45DB002F7F1C /* GiftsBuy.swift */,
				F85D6E8128BD45F3002F7F1C /* ClothesBuy.swift */,
				F85D6E8328BD4635002F7F1C /* TechnologyBuy.swift */,
				F85D6E8528BD464C002F7F1C /* OtherBuy.swift */,
			);
			path = shoptypes;
			sourceTree = "<group>";
		};
		F88656E528C446BE00B99C10 /* BusinessAcademy */ = {
			isa = PBXGroup;
			children = (
				F82FDA4428C2E6710045B18F /* BusinessAcademy.swift */,
				F88656ED28C5125600B99C10 /* academyGames.swift */,
				F88656EF28C5126100B99C10 /* academyLessons.swift */,
				F88656F128C5126A00B99C10 /* academyHelp.swift */,
				F88656EB28C5124600B99C10 /* academyArticles.swift */,
				F88656E828C446FD00B99C10 /* academyVideos.swift */,
				F88656F728C532D800B99C10 /* quiez Game */,
				F886570028C5362700B99C10 /* Calendar */,
			);
			path = BusinessAcademy;
			sourceTree = "<group>";
		};
		F88656F728C532D800B99C10 /* quiez Game */ = {
			isa = PBXGroup;
			children = (
				F88656F528C532A500B99C10 /* quiezGame.swift */,
				F88656FC28C5334D00B99C10 /* Puzzle.swift */,
				F88656F828C532F700B99C10 /* HoneyCombGridView.swift */,
				F88656FA28C5331600B99C10 /* HexagonShape.swift */,
			);
			path = "quiez Game";
			sourceTree = "<group>";
		};
		F886570028C5362700B99C10 /* Calendar */ = {
			isa = PBXGroup;
			children = (
				F88656FE28C5361E00B99C10 /* calenHome.swift */,
				F886570128C53B6300B99C10 /* CustomDatePicker.swift */,
				F886570328C53B8B00B99C10 /* DateValue.swift */,
				F886570528C53BEA00B99C10 /* Task.swift */,
			);
			path = Calendar;
			sourceTree = "<group>";
		};
		F88C0E3B28C3E84A00516D7C /* viewsss */ = {
			isa = PBXGroup;
			children = (
				F84E578528B6A8670077A60F /* Home.swift */,
				F84E578328B6A8640077A60F /* Sell1.swift */,
				F8CB834228BB97CD00B1329A /* Sell2-1.swift */,
				F8A6925328BABC7D00158F3B /* Buy1.swift */,
				F843677F28BB139700EE212B /* Buy2.swift */,
				F85D6E8828BE3E88002F7F1C /* Buy3.swift */,
				F85D6E8A28BE7236002F7F1C /* Basket.swift */,
				F8BCFBD428B70302000E614D /* Product Details.swift */,
				F84E577F28B6A85D0077A60F /* PersonalPage.swift */,
				F82FDA2028C259090045B18F /* Notifications.swift */,
				F82FDA2228C259690045B18F /* Messeges.swift */,
				F82FDA4228C2E5F60045B18F /* Favorites.swift */,
				F84E577D28B6A8590077A60F /* NavigationBar.swift */,
				F896019E28C5692C005FAF98 /* Launch Screen.storyboard */,
				F88656E528C446BE00B99C10 /* BusinessAcademy */,
			);
			path = viewsss;
			sourceTree = "<group>";
		};
		F88C0E3C28C3E88100516D7C /* importent */ = {
			isa = PBXGroup;
			children = (
				F85D6E7D28BD0CC4002F7F1C /* shopModel.swift */,
				F8BB0C6F28BBE9C900498523 /* DetailsModel.swift */,
				F8BCFBD628B7035D000E614D /* ImagePicker.swift */,
			);
			path = importent;
			sourceTree = "<group>";
		};
/* End PBXGroup section */

/* Begin PBXNativeTarget section */
		F84E576B28B6A8440077A60F /* Store.s */ = {
			isa = PBXNativeTarget;
			buildConfigurationList = F84E577A28B6A8450077A60F /* Build configuration list for PBXNativeTarget "Store.s" */;
			buildPhases = (
				F84E576828B6A8440077A60F /* Sources */,
				F84E576928B6A8440077A60F /* Frameworks */,
				F84E576A28B6A8440077A60F /* Resources */,
			);
			buildRules = (
			);
			dependencies = (
			);
			name = Store.s;
			productName = Store.s;
			productReference = F84E576C28B6A8440077A60F /* Store.s.app */;
			productType = "com.apple.product-type.application";
		};
/* End PBXNativeTarget section */

/* Begin PBXProject section */
		F84E576428B6A8440077A60F /* Project object */ = {
			isa = PBXProject;
			attributes = {
				BuildIndependentTargetsInParallel = 1;
				LastSwiftUpdateCheck = 1340;
				LastUpgradeCheck = 1340;
				TargetAttributes = {
					F84E576B28B6A8440077A60F = {
						CreatedOnToolsVersion = 13.4.1;
					};
				};
			};
			buildConfigurationList = F84E576728B6A8440077A60F /* Build configuration list for PBXProject "app.s" */;
			compatibilityVersion = "Xcode 13.0";
			developmentRegion = en;
			hasScannedForEncodings = 0;
			knownRegions = (
				en,
				Base,
			);
			mainGroup = F84E576328B6A8440077A60F;
			productRefGroup = F84E576D28B6A8440077A60F /* Products */;
			projectDirPath = "";
			projectRoot = "";
			targets = (
				F84E576B28B6A8440077A60F /* Store.s */,
			);
		};
/* End PBXProject section */

/* Begin PBXResourcesBuildPhase section */
		F84E576A28B6A8440077A60F /* Resources */ = {
			isa = PBXResourcesBuildPhase;
			buildActionMask = 2147483647;
			files = (
				F84E577728B6A8450077A60F /* Preview Assets.xcassets in Resources */,
				F84E578828B6A9430077A60F /* junk in Resources */,
				F896019F28C5692C005FAF98 /* Launch Screen.storyboard in Resources */,
				F84E577428B6A8450077A60F /* Assets.xcassets in Resources */,
			);
			runOnlyForDeploymentPostprocessing = 0;
		};
/* End PBXResourcesBuildPhase section */

/* Begin PBXSourcesBuildPhase section */
		F84E576828B6A8440077A60F /* Sources */ = {
			isa = PBXSourcesBuildPhase;
			buildActionMask = 2147483647;
			files = (
				F85D6E8928BE3E88002F7F1C /* Buy3.swift in Sources */,
				F82FDA3728C26D6F0045B18F /* CustomCorners.swift in Sources */,
				F84E577228B6A8440077A60F /* ContentView.swift in Sources */,
				F82FDA3F28C26D7E0045B18F /* TabButton.swift in Sources */,
				F886570628C53BEA00B99C10 /* Task.swift in Sources */,
				F85D6E7E28BD0CC4002F7F1C /* shopModel.swift in Sources */,
				F82FDA4128C2976F0045B18F /* BuyCustomTabBar.swift in Sources */,
				F84E577028B6A8440077A60F /* Store_sApp.swift in Sources */,
				F82FDA1D28C251690045B18F /* customTabBar.swift in Sources */,
				F82FDA4328C2E5F70045B18F /* Favorites.swift in Sources */,
				F8BCFBD728B7035D000E614D /* ImagePicker.swift in Sources */,
				F85D6E8028BD45DB002F7F1C /* GiftsBuy.swift in Sources */,
				F8BB0C7028BBE9C900498523 /* DetailsModel.swift in Sources */,
				F88656E928C446FD00B99C10 /* academyVideos.swift in Sources */,
				F88656F228C5126A00B99C10 /* academyHelp.swift in Sources */,
				F85D6E8428BD4635002F7F1C /* TechnologyBuy.swift in Sources */,
				F88656F928C532F700B99C10 /* HoneyCombGridView.swift in Sources */,
				F88656FF28C5361F00B99C10 /* calenHome.swift in Sources */,
				F88656F628C532A500B99C10 /* quiezGame.swift in Sources */,
				F82FDA3D28C26D7B0045B18F /* SideMenu.swift in Sources */,
				F8A6925428BABC7D00158F3B /* Buy1.swift in Sources */,
				F88656EC28C5124600B99C10 /* academyArticles.swift in Sources */,
				F85D6E8B28BE7236002F7F1C /* Basket.swift in Sources */,
				F88656FB28C5331600B99C10 /* HexagonShape.swift in Sources */,
				F886570428C53B8B00B99C10 /* DateValue.swift in Sources */,
				F82FDA4528C2E6710045B18F /* BusinessAcademy.swift in Sources */,
				F8A6925828BAC12000158F3B /* FoodBuy.swift in Sources */,
				F84E578028B6A85D0077A60F /* PersonalPage.swift in Sources */,
				F886570228C53B6300B99C10 /* CustomDatePicker.swift in Sources */,
				F88656FD28C5334D00B99C10 /* Puzzle.swift in Sources */,
				F84E577E28B6A8590077A60F /* NavigationBar.swift in Sources */,
				F82FDA3B28C26D780045B18F /* Homee.swift in Sources */,
				F84E578428B6A8640077A60F /* Sell1.swift in Sources */,
				F8BCFBD528B70302000E614D /* Product Details.swift in Sources */,
				F84E578628B6A8670077A60F /* Home.swift in Sources */,
				F88656EE28C5125600B99C10 /* academyGames.swift in Sources */,
				F82FDA3928C26D740045B18F /* MainView.swift in Sources */,
				F85D6E8228BD45F3002F7F1C /* ClothesBuy.swift in Sources */,
				F82FDA2128C259090045B18F /* Notifications.swift in Sources */,
				F85D6E8628BD464C002F7F1C /* OtherBuy.swift in Sources */,
				F82FDA2328C259690045B18F /* Messeges.swift in Sources */,
				F843678028BB139700EE212B /* Buy2.swift in Sources */,
				F8CB834328BB97CD00B1329A /* Sell2-1.swift in Sources */,
				F88656F028C5126100B99C10 /* academyLessons.swift in Sources */,
			);
			runOnlyForDeploymentPostprocessing = 0;
		};
/* End PBXSourcesBuildPhase section */

/* Begin XCBuildConfiguration section */
		F84E577828B6A8450077A60F /* Debug */ = {
			isa = XCBuildConfiguration;
			buildSettings = {
				ALWAYS_SEARCH_USER_PATHS = NO;
				CLANG_ANALYZER_NONNULL = YES;
				CLANG_ANALYZER_NUMBER_OBJECT_CONVERSION = YES_AGGRESSIVE;
				CLANG_CXX_LANGUAGE_STANDARD = "gnu++17";
				CLANG_ENABLE_MODULES = YES;
				CLANG_ENABLE_OBJC_ARC = YES;
				CLANG_ENABLE_OBJC_WEAK = YES;
				CLANG_WARN_BLOCK_CAPTURE_AUTORELEASING = YES;
				CLANG_WARN_BOOL_CONVERSION = YES;
				CLANG_WARN_COMMA = YES;
				CLANG_WARN_CONSTANT_CONVERSION = YES;
				CLANG_WARN_DEPRECATED_OBJC_IMPLEMENTATIONS = YES;
				CLANG_WARN_DIRECT_OBJC_ISA_USAGE = YES_ERROR;
				CLANG_WARN_DOCUMENTATION_COMMENTS = YES;
				CLANG_WARN_EMPTY_BODY = YES;
				CLANG_WARN_ENUM_CONVERSION = YES;
				CLANG_WARN_INFINITE_RECURSION = YES;
				CLANG_WARN_INT_CONVERSION = YES;
				CLANG_WARN_NON_LITERAL_NULL_CONVERSION = YES;
				CLANG_WARN_OBJC_IMPLICIT_RETAIN_SELF = YES;
				CLANG_WARN_OBJC_LITERAL_CONVERSION = YES;
				CLANG_WARN_OBJC_ROOT_CLASS = YES_ERROR;
				CLANG_WARN_QUOTED_INCLUDE_IN_FRAMEWORK_HEADER = YES;
				CLANG_WARN_RANGE_LOOP_ANALYSIS = YES;
				CLANG_WARN_STRICT_PROTOTYPES = YES;
				CLANG_WARN_SUSPICIOUS_MOVE = YES;
				CLANG_WARN_UNGUARDED_AVAILABILITY = YES_AGGRESSIVE;
				CLANG_WARN_UNREACHABLE_CODE = YES;
				CLANG_WARN__DUPLICATE_METHOD_MATCH = YES;
				COPY_PHASE_STRIP = NO;
				DEBUG_INFORMATION_FORMAT = dwarf;
				ENABLE_STRICT_OBJC_MSGSEND = YES;
				ENABLE_TESTABILITY = YES;
				GCC_C_LANGUAGE_STANDARD = gnu11;
				GCC_DYNAMIC_NO_PIC = NO;
				GCC_NO_COMMON_BLOCKS = YES;
				GCC_OPTIMIZATION_LEVEL = 0;
				GCC_PREPROCESSOR_DEFINITIONS = (
					"DEBUG=1",
					"$(inherited)",
				);
				GCC_WARN_64_TO_32_BIT_CONVERSION = YES;
				GCC_WARN_ABOUT_RETURN_TYPE = YES_ERROR;
				GCC_WARN_UNDECLARED_SELECTOR = YES;
				GCC_WARN_UNINITIALIZED_AUTOS = YES_AGGRESSIVE;
				GCC_WARN_UNUSED_FUNCTION = YES;
				GCC_WARN_UNUSED_VARIABLE = YES;
				IPHONEOS_DEPLOYMENT_TARGET = 15.5;
				MTL_ENABLE_DEBUG_INFO = INCLUDE_SOURCE;
				MTL_FAST_MATH = YES;
				ONLY_ACTIVE_ARCH = YES;
				SDKROOT = iphoneos;
				SWIFT_ACTIVE_COMPILATION_CONDITIONS = DEBUG;
				SWIFT_OPTIMIZATION_LEVEL = "-Onone";
			};
			name = Debug;
		};
		F84E577928B6A8450077A60F /* Release */ = {
			isa = XCBuildConfiguration;
			buildSettings = {
				ALWAYS_SEARCH_USER_PATHS = NO;
				CLANG_ANALYZER_NONNULL = YES;
				CLANG_ANALYZER_NUMBER_OBJECT_CONVERSION = YES_AGGRESSIVE;
				CLANG_CXX_LANGUAGE_STANDARD = "gnu++17";
				CLANG_ENABLE_MODULES = YES;
				CLANG_ENABLE_OBJC_ARC = YES;
				CLANG_ENABLE_OBJC_WEAK = YES;
				CLANG_WARN_BLOCK_CAPTURE_AUTORELEASING = YES;
				CLANG_WARN_BOOL_CONVERSION = YES;
				CLANG_WARN_COMMA = YES;
				CLANG_WARN_CONSTANT_CONVERSION = YES;
				CLANG_WARN_DEPRECATED_OBJC_IMPLEMENTATIONS = YES;
				CLANG_WARN_DIRECT_OBJC_ISA_USAGE = YES_ERROR;
				CLANG_WARN_DOCUMENTATION_COMMENTS = YES;
				CLANG_WARN_EMPTY_BODY = YES;
				CLANG_WARN_ENUM_CONVERSION = YES;
				CLANG_WARN_INFINITE_RECURSION = YES;
				CLANG_WARN_INT_CONVERSION = YES;
				CLANG_WARN_NON_LITERAL_NULL_CONVERSION = YES;
				CLANG_WARN_OBJC_IMPLICIT_RETAIN_SELF = YES;
				CLANG_WARN_OBJC_LITERAL_CONVERSION = YES;
				CLANG_WARN_OBJC_ROOT_CLASS = YES_ERROR;
				CLANG_WARN_QUOTED_INCLUDE_IN_FRAMEWORK_HEADER = YES;
				CLANG_WARN_RANGE_LOOP_ANALYSIS = YES;
				CLANG_WARN_STRICT_PROTOTYPES = YES;
				CLANG_WARN_SUSPICIOUS_MOVE = YES;
				CLANG_WARN_UNGUARDED_AVAILABILITY = YES_AGGRESSIVE;
				CLANG_WARN_UNREACHABLE_CODE = YES;
				CLANG_WARN__DUPLICATE_METHOD_MATCH = YES;
				COPY_PHASE_STRIP = NO;
				DEBUG_INFORMATION_FORMAT = "dwarf-with-dsym";
				ENABLE_NS_ASSERTIONS = NO;
				ENABLE_STRICT_OBJC_MSGSEND = YES;
				GCC_C_LANGUAGE_STANDARD = gnu11;
				GCC_NO_COMMON_BLOCKS = YES;
				GCC_WARN_64_TO_32_BIT_CONVERSION = YES;
				GCC_WARN_ABOUT_RETURN_TYPE = YES_ERROR;
				GCC_WARN_UNDECLARED_SELECTOR = YES;
				GCC_WARN_UNINITIALIZED_AUTOS = YES_AGGRESSIVE;
				GCC_WARN_UNUSED_FUNCTION = YES;
				GCC_WARN_UNUSED_VARIABLE = YES;
				IPHONEOS_DEPLOYMENT_TARGET = 15.5;
				MTL_ENABLE_DEBUG_INFO = NO;
				MTL_FAST_MATH = YES;
				SDKROOT = iphoneos;
				SWIFT_COMPILATION_MODE = wholemodule;
				SWIFT_OPTIMIZATION_LEVEL = "-O";
				VALIDATE_PRODUCT = YES;
			};
			name = Release;
		};
		F84E577B28B6A8450077A60F /* Debug */ = {
			isa = XCBuildConfiguration;
			buildSettings = {
				ASSETCATALOG_COMPILER_APPICON_NAME = AppIcon;
				ASSETCATALOG_COMPILER_GLOBAL_ACCENT_COLOR_NAME = AccentColor;
				CODE_SIGN_STYLE = Automatic;
				CURRENT_PROJECT_VERSION = 1;
				DEVELOPMENT_ASSET_PATHS = "\"Store.s/Preview Content\"";
				ENABLE_PREVIEWS = YES;
				GENERATE_INFOPLIST_FILE = YES;
				INFOPLIST_KEY_UIApplicationSceneManifest_Generation = YES;
				INFOPLIST_KEY_UIApplicationSupportsIndirectInputEvents = YES;
				INFOPLIST_KEY_UILaunchScreen_Generation = YES;
				INFOPLIST_KEY_UILaunchStoryboardName = "Launch Screen";
				INFOPLIST_KEY_UISupportedInterfaceOrientations_iPad = "UIInterfaceOrientationPortrait UIInterfaceOrientationPortraitUpsideDown UIInterfaceOrientationLandscapeLeft UIInterfaceOrientationLandscapeRight";
				INFOPLIST_KEY_UISupportedInterfaceOrientations_iPhone = "UIInterfaceOrientationPortrait UIInterfaceOrientationLandscapeLeft UIInterfaceOrientationLandscapeRight";
				LD_RUNPATH_SEARCH_PATHS = (
					"$(inherited)",
					"@executable_path/Frameworks",
				);
				MARKETING_VERSION = 1.0;
				PRODUCT_BUNDLE_IDENTIFIER = "com.sedraasrawi.Store-s";
				PRODUCT_NAME = "$(TARGET_NAME)";
				SWIFT_EMIT_LOC_STRINGS = YES;
				SWIFT_VERSION = 5.0;
				TARGETED_DEVICE_FAMILY = "1,2";
			};
			name = Debug;
		};
		F84E577C28B6A8450077A60F /* Release */ = {
			isa = XCBuildConfiguration;
			buildSettings = {
				ASSETCATALOG_COMPILER_APPICON_NAME = AppIcon;
				ASSETCATALOG_COMPILER_GLOBAL_ACCENT_COLOR_NAME = AccentColor;
				CODE_SIGN_STYLE = Automatic;
				CURRENT_PROJECT_VERSION = 1;
				DEVELOPMENT_ASSET_PATHS = "\"Store.s/Preview Content\"";
				ENABLE_PREVIEWS = YES;
				GENERATE_INFOPLIST_FILE = YES;
				INFOPLIST_KEY_UIApplicationSceneManifest_Generation = YES;
				INFOPLIST_KEY_UIApplicationSupportsIndirectInputEvents = YES;
				INFOPLIST_KEY_UILaunchScreen_Generation = YES;
				INFOPLIST_KEY_UILaunchStoryboardName = "Launch Screen";
				INFOPLIST_KEY_UISupportedInterfaceOrientations_iPad = "UIInterfaceOrientationPortrait UIInterfaceOrientationPortraitUpsideDown UIInterfaceOrientationLandscapeLeft UIInterfaceOrientationLandscapeRight";
				INFOPLIST_KEY_UISupportedInterfaceOrientations_iPhone = "UIInterfaceOrientationPortrait UIInterfaceOrientationLandscapeLeft UIInterfaceOrientationLandscapeRight";
				LD_RUNPATH_SEARCH_PATHS = (
					"$(inherited)",
					"@executable_path/Frameworks",
				);
				MARKETING_VERSION = 1.0;
				PRODUCT_BUNDLE_IDENTIFIER = "com.sedraasrawi.Store-s";
				PRODUCT_NAME = "$(TARGET_NAME)";
				SWIFT_EMIT_LOC_STRINGS = YES;
				SWIFT_VERSION = 5.0;
				TARGETED_DEVICE_FAMILY = "1,2";
			};
			name = Release;
		};
/* End XCBuildConfiguration section */

/* Begin XCConfigurationList section */
		F84E576728B6A8440077A60F /* Build configuration list for PBXProject "app.s" */ = {
			isa = XCConfigurationList;
			buildConfigurations = (
				F84E577828B6A8450077A60F /* Debug */,
				F84E577928B6A8450077A60F /* Release */,
			);
			defaultConfigurationIsVisible = 0;
			defaultConfigurationName = Release;
		};
		F84E577A28B6A8450077A60F /* Build configuration list for PBXNativeTarget "Store.s" */ = {
			isa = XCConfigurationList;
			buildConfigurations = (
				F84E577B28B6A8450077A60F /* Debug */,
				F84E577C28B6A8450077A60F /* Release */,
			);
			defaultConfigurationIsVisible = 0;
			defaultConfigurationName = Release;
		};
/* End XCConfigurationList section */
	};
	rootObject = F84E576428B6A8440077A60F /* Project object */;
}
