// !$*UTF8*$!
{
	archiveVersion = 1;
	classes = {
	};
	objectVersion = 55;
	objects = {

/* Begin PBXBuildFile section */
		F85DE5AA28B5316D0097AB36 /* NavigationBar.swift in Sources */ = {isa = PBXBuildFile; fileRef = F85DE5A928B5316D0097AB36 /* NavigationBar.swift */; };
		F88CDEB528B44D0700114691 /* ImagePicker.swift in Sources */ = {isa = PBXBuildFile; fileRef = F88CDEB428B44D0700114691 /* ImagePicker.swift */; };
		F88CDEB728B4581400114691 /* PersonalPage.swift in Sources */ = {isa = PBXBuildFile; fileRef = F88CDEB628B4581400114691 /* PersonalPage.swift */; };
		F88CDEBB28B5051D00114691 /* CustomNavBar.swift in Sources */ = {isa = PBXBuildFile; fileRef = F88CDEBA28B5051D00114691 /* CustomNavBar.swift */; };
		F88CDEBF28B50CB100114691 /* CustomTabBar.swift in Sources */ = {isa = PBXBuildFile; fileRef = F88CDEBE28B50CB100114691 /* CustomTabBar.swift */; };
		F88CDEC128B5111700114691 /* CustomTabBarView.swift in Sources */ = {isa = PBXBuildFile; fileRef = F88CDEC028B5111700114691 /* CustomTabBarView.swift */; };
		F8BFA58B28B4059900BD0E7F /* store_sApp.swift in Sources */ = {isa = PBXBuildFile; fileRef = F8BFA58A28B4059900BD0E7F /* store_sApp.swift */; };
		F8BFA58D28B4059900BD0E7F /* ContentView.swift in Sources */ = {isa = PBXBuildFile; fileRef = F8BFA58C28B4059900BD0E7F /* ContentView.swift */; };
		F8BFA58F28B4059B00BD0E7F /* Assets.xcassets in Resources */ = {isa = PBXBuildFile; fileRef = F8BFA58E28B4059B00BD0E7F /* Assets.xcassets */; };
		F8BFA59228B4059B00BD0E7F /* Preview Assets.xcassets in Resources */ = {isa = PBXBuildFile; fileRef = F8BFA59128B4059B00BD0E7F /* Preview Assets.xcassets */; };
		F8BFA59928B40F2100BD0E7F /* Home.swift in Sources */ = {isa = PBXBuildFile; fileRef = F8BFA59828B40F2100BD0E7F /* Home.swift */; };
		F8BFA59B28B41A1B00BD0E7F /* Sell1.swift in Sources */ = {isa = PBXBuildFile; fileRef = F8BFA59A28B41A1B00BD0E7F /* Sell1.swift */; };
		F8BFA59D28B42C0700BD0E7F /* Sell2.swift in Sources */ = {isa = PBXBuildFile; fileRef = F8BFA59C28B42C0700BD0E7F /* Sell2.swift */; };
		F8BFA59F28B435FE00BD0E7F /* photoPicker.swift in Sources */ = {isa = PBXBuildFile; fileRef = F8BFA59E28B435FE00BD0E7F /* photoPicker.swift */; };
/* End PBXBuildFile section */

/* Begin PBXFileReference section */
		F85DE5A928B5316D0097AB36 /* NavigationBar.swift */ = {isa = PBXFileReference; lastKnownFileType = sourcecode.swift; path = NavigationBar.swift; sourceTree = "<group>"; };
		F88CDEB428B44D0700114691 /* ImagePicker.swift */ = {isa = PBXFileReference; lastKnownFileType = sourcecode.swift; path = ImagePicker.swift; sourceTree = "<group>"; };
		F88CDEB628B4581400114691 /* PersonalPage.swift */ = {isa = PBXFileReference; lastKnownFileType = sourcecode.swift; path = PersonalPage.swift; sourceTree = "<group>"; };
		F88CDEBA28B5051D00114691 /* CustomNavBar.swift */ = {isa = PBXFileReference; lastKnownFileType = sourcecode.swift; path = CustomNavBar.swift; sourceTree = "<group>"; };
		F88CDEBE28B50CB100114691 /* CustomTabBar.swift */ = {isa = PBXFileReference; lastKnownFileType = sourcecode.swift; path = CustomTabBar.swift; sourceTree = "<group>"; };
		F88CDEC028B5111700114691 /* CustomTabBarView.swift */ = {isa = PBXFileReference; lastKnownFileType = sourcecode.swift; path = CustomTabBarView.swift; sourceTree = "<group>"; };
		F8BFA58728B4059900BD0E7F /* store.s.app */ = {isa = PBXFileReference; explicitFileType = wrapper.application; includeInIndex = 0; path = store.s.app; sourceTree = BUILT_PRODUCTS_DIR; };
		F8BFA58A28B4059900BD0E7F /* store_sApp.swift */ = {isa = PBXFileReference; lastKnownFileType = sourcecode.swift; path = store_sApp.swift; sourceTree = "<group>"; };
		F8BFA58C28B4059900BD0E7F /* ContentView.swift */ = {isa = PBXFileReference; lastKnownFileType = sourcecode.swift; path = ContentView.swift; sourceTree = "<group>"; };
		F8BFA58E28B4059B00BD0E7F /* Assets.xcassets */ = {isa = PBXFileReference; lastKnownFileType = folder.assetcatalog; path = Assets.xcassets; sourceTree = "<group>"; };
		F8BFA59128B4059B00BD0E7F /* Preview Assets.xcassets */ = {isa = PBXFileReference; lastKnownFileType = folder.assetcatalog; path = "Preview Assets.xcassets"; sourceTree = "<group>"; };
		F8BFA59828B40F2100BD0E7F /* Home.swift */ = {isa = PBXFileReference; lastKnownFileType = sourcecode.swift; path = Home.swift; sourceTree = "<group>"; };
		F8BFA59A28B41A1B00BD0E7F /* Sell1.swift */ = {isa = PBXFileReference; lastKnownFileType = sourcecode.swift; path = Sell1.swift; sourceTree = "<group>"; };
		F8BFA59C28B42C0700BD0E7F /* Sell2.swift */ = {isa = PBXFileReference; lastKnownFileType = sourcecode.swift; path = Sell2.swift; sourceTree = "<group>"; };
		F8BFA59E28B435FE00BD0E7F /* photoPicker.swift */ = {isa = PBXFileReference; lastKnownFileType = sourcecode.swift; path = photoPicker.swift; sourceTree = "<group>"; };
/* End PBXFileReference section */

/* Begin PBXFrameworksBuildPhase section */
		F8BFA58428B4059900BD0E7F /* Frameworks */ = {
			isa = PBXFrameworksBuildPhase;
			buildActionMask = 2147483647;
			files = (
			);
			runOnlyForDeploymentPostprocessing = 0;
		};
/* End PBXFrameworksBuildPhase section */

/* Begin PBXGroup section */
		F8BFA57E28B4059800BD0E7F = {
			isa = PBXGroup;
			children = (
				F85DE5A928B5316D0097AB36 /* NavigationBar.swift */,
				F88CDEC028B5111700114691 /* CustomTabBarView.swift */,
				F88CDEBE28B50CB100114691 /* CustomTabBar.swift */,
				F88CDEBA28B5051D00114691 /* CustomNavBar.swift */,
				F88CDEB628B4581400114691 /* PersonalPage.swift */,
				F88CDEB428B44D0700114691 /* ImagePicker.swift */,
				F8BFA59E28B435FE00BD0E7F /* photoPicker.swift */,
				F8BFA59C28B42C0700BD0E7F /* Sell2.swift */,
				F8BFA59A28B41A1B00BD0E7F /* Sell1.swift */,
				F8BFA59828B40F2100BD0E7F /* Home.swift */,
				F8BFA58928B4059900BD0E7F /* store.s */,
				F8BFA58828B4059900BD0E7F /* Products */,
			);
			sourceTree = "<group>";
		};
		F8BFA58828B4059900BD0E7F /* Products */ = {
			isa = PBXGroup;
			children = (
				F8BFA58728B4059900BD0E7F /* store.s.app */,
			);
			name = Products;
			sourceTree = "<group>";
		};
		F8BFA58928B4059900BD0E7F /* store.s */ = {
			isa = PBXGroup;
			children = (
				F8BFA58A28B4059900BD0E7F /* store_sApp.swift */,
				F8BFA58C28B4059900BD0E7F /* ContentView.swift */,
				F8BFA58E28B4059B00BD0E7F /* Assets.xcassets */,
				F8BFA59028B4059B00BD0E7F /* Preview Content */,
			);
			path = store.s;
			sourceTree = "<group>";
		};
		F8BFA59028B4059B00BD0E7F /* Preview Content */ = {
			isa = PBXGroup;
			children = (
				F8BFA59128B4059B00BD0E7F /* Preview Assets.xcassets */,
			);
			path = "Preview Content";
			sourceTree = "<group>";
		};
/* End PBXGroup section */

/* Begin PBXNativeTarget section */
		F8BFA58628B4059900BD0E7F /* store.s */ = {
			isa = PBXNativeTarget;
			buildConfigurationList = F8BFA59528B4059B00BD0E7F /* Build configuration list for PBXNativeTarget "store.s" */;
			buildPhases = (
				F8BFA58328B4059900BD0E7F /* Sources */,
				F8BFA58428B4059900BD0E7F /* Frameworks */,
				F8BFA58528B4059900BD0E7F /* Resources */,
			);
			buildRules = (
			);
			dependencies = (
			);
			name = store.s;
			productName = store.s;
			productReference = F8BFA58728B4059900BD0E7F /* store.s.app */;
			productType = "com.apple.product-type.application";
		};
/* End PBXNativeTarget section */

/* Begin PBXProject section */
		F8BFA57F28B4059800BD0E7F /* Project object */ = {
			isa = PBXProject;
			attributes = {
				BuildIndependentTargetsInParallel = 1;
				LastSwiftUpdateCheck = 1340;
				LastUpgradeCheck = 1340;
				TargetAttributes = {
					F8BFA58628B4059900BD0E7F = {
						CreatedOnToolsVersion = 13.4.1;
					};
				};
			};
			buildConfigurationList = F8BFA58228B4059800BD0E7F /* Build configuration list for PBXProject "store.s" */;
			compatibilityVersion = "Xcode 13.0";
			developmentRegion = en;
			hasScannedForEncodings = 0;
			knownRegions = (
				en,
				Base,
			);
			mainGroup = F8BFA57E28B4059800BD0E7F;
			productRefGroup = F8BFA58828B4059900BD0E7F /* Products */;
			projectDirPath = "";
			projectRoot = "";
			targets = (
				F8BFA58628B4059900BD0E7F /* store.s */,
			);
		};
/* End PBXProject section */

/* Begin PBXResourcesBuildPhase section */
		F8BFA58528B4059900BD0E7F /* Resources */ = {
			isa = PBXResourcesBuildPhase;
			buildActionMask = 2147483647;
			files = (
				F8BFA59228B4059B00BD0E7F /* Preview Assets.xcassets in Resources */,
				F8BFA58F28B4059B00BD0E7F /* Assets.xcassets in Resources */,
			);
			runOnlyForDeploymentPostprocessing = 0;
		};
/* End PBXResourcesBuildPhase section */

/* Begin PBXSourcesBuildPhase section */
		F8BFA58328B4059900BD0E7F /* Sources */ = {
			isa = PBXSourcesBuildPhase;
			buildActionMask = 2147483647;
			files = (
				F8BFA59F28B435FE00BD0E7F /* photoPicker.swift in Sources */,
				F8BFA58D28B4059900BD0E7F /* ContentView.swift in Sources */,
				F88CDEC128B5111700114691 /* CustomTabBarView.swift in Sources */,
				F88CDEBF28B50CB100114691 /* CustomTabBar.swift in Sources */,
				F8BFA59D28B42C0700BD0E7F /* Sell2.swift in Sources */,
				F88CDEBB28B5051D00114691 /* CustomNavBar.swift in Sources */,
				F88CDEB528B44D0700114691 /* ImagePicker.swift in Sources */,
				F8BFA59928B40F2100BD0E7F /* Home.swift in Sources */,
				F8BFA58B28B4059900BD0E7F /* store_sApp.swift in Sources */,
				F88CDEB728B4581400114691 /* PersonalPage.swift in Sources */,
				F8BFA59B28B41A1B00BD0E7F /* Sell1.swift in Sources */,
				F85DE5AA28B5316D0097AB36 /* NavigationBar.swift in Sources */,
			);
			runOnlyForDeploymentPostprocessing = 0;
		};
/* End PBXSourcesBuildPhase section */

/* Begin XCBuildConfiguration section */
		F8BFA59328B4059B00BD0E7F /* Debug */ = {
			isa = XCBuildConfiguration;
			buildSettings = {
				ALWAYS_SEARCH_USER_PATHS = NO;
				CLANG_ANALYZER_NONNULL = YES;
				CLANG_ANALYZER_NUMBER_OBJECT_CONVERSION = YES_AGGRESSIVE;
				CLANG_CXX_LANGUAGE_STANDARD = "gnu++17";
				CLANG_ENABLE_MODULES = YES;
				CLANG_ENABLE_OBJC_ARC = YES;
				CLANG_ENABLE_OBJC_WEAK = YES;
				CLANG_WARN_BLOCK_CAPTURE_AUTORELEASING = YES;
				CLANG_WARN_BOOL_CONVERSION = YES;
				CLANG_WARN_COMMA = YES;
				CLANG_WARN_CONSTANT_CONVERSION = YES;
				CLANG_WARN_DEPRECATED_OBJC_IMPLEMENTATIONS = YES;
				CLANG_WARN_DIRECT_OBJC_ISA_USAGE = YES_ERROR;
				CLANG_WARN_DOCUMENTATION_COMMENTS = YES;
				CLANG_WARN_EMPTY_BODY = YES;
				CLANG_WARN_ENUM_CONVERSION = YES;
				CLANG_WARN_INFINITE_RECURSION = YES;
				CLANG_WARN_INT_CONVERSION = YES;
				CLANG_WARN_NON_LITERAL_NULL_CONVERSION = YES;
				CLANG_WARN_OBJC_IMPLICIT_RETAIN_SELF = YES;
				CLANG_WARN_OBJC_LITERAL_CONVERSION = YES;
				CLANG_WARN_OBJC_ROOT_CLASS = YES_ERROR;
				CLANG_WARN_QUOTED_INCLUDE_IN_FRAMEWORK_HEADER = YES;
				CLANG_WARN_RANGE_LOOP_ANALYSIS = YES;
				CLANG_WARN_STRICT_PROTOTYPES = YES;
				CLANG_WARN_SUSPICIOUS_MOVE = YES;
				CLANG_WARN_UNGUARDED_AVAILABILITY = YES_AGGRESSIVE;
				CLANG_WARN_UNREACHABLE_CODE = YES;
				CLANG_WARN__DUPLICATE_METHOD_MATCH = YES;
				COPY_PHASE_STRIP = NO;
				DEBUG_INFORMATION_FORMAT = dwarf;
				ENABLE_STRICT_OBJC_MSGSEND = YES;
				ENABLE_TESTABILITY = YES;
				GCC_C_LANGUAGE_STANDARD = gnu11;
				GCC_DYNAMIC_NO_PIC = NO;
				GCC_NO_COMMON_BLOCKS = YES;
				GCC_OPTIMIZATION_LEVEL = 0;
				GCC_PREPROCESSOR_DEFINITIONS = (
					"DEBUG=1",
					"$(inherited)",
				);
				GCC_WARN_64_TO_32_BIT_CONVERSION = YES;
				GCC_WARN_ABOUT_RETURN_TYPE = YES_ERROR;
				GCC_WARN_UNDECLARED_SELECTOR = YES;
				GCC_WARN_UNINITIALIZED_AUTOS = YES_AGGRESSIVE;
				GCC_WARN_UNUSED_FUNCTION = YES;
				GCC_WARN_UNUSED_VARIABLE = YES;
				IPHONEOS_DEPLOYMENT_TARGET = 15.5;
				MTL_ENABLE_DEBUG_INFO = INCLUDE_SOURCE;
				MTL_FAST_MATH = YES;
				ONLY_ACTIVE_ARCH = YES;
				SDKROOT = iphoneos;
				SWIFT_ACTIVE_COMPILATION_CONDITIONS = DEBUG;
				SWIFT_OPTIMIZATION_LEVEL = "-Onone";
			};
			name = Debug;
		};
		F8BFA59428B4059B00BD0E7F /* Release */ = {
			isa = XCBuildConfiguration;
			buildSettings = {
				ALWAYS_SEARCH_USER_PATHS = NO;
				CLANG_ANALYZER_NONNULL = YES;
				CLANG_ANALYZER_NUMBER_OBJECT_CONVERSION = YES_AGGRESSIVE;
				CLANG_CXX_LANGUAGE_STANDARD = "gnu++17";
				CLANG_ENABLE_MODULES = YES;
				CLANG_ENABLE_OBJC_ARC = YES;
				CLANG_ENABLE_OBJC_WEAK = YES;
				CLANG_WARN_BLOCK_CAPTURE_AUTORELEASING = YES;
				CLANG_WARN_BOOL_CONVERSION = YES;
				CLANG_WARN_COMMA = YES;
				CLANG_WARN_CONSTANT_CONVERSION = YES;
				CLANG_WARN_DEPRECATED_OBJC_IMPLEMENTATIONS = YES;
				CLANG_WARN_DIRECT_OBJC_ISA_USAGE = YES_ERROR;
				CLANG_WARN_DOCUMENTATION_COMMENTS = YES;
				CLANG_WARN_EMPTY_BODY = YES;
				CLANG_WARN_ENUM_CONVERSION = YES;
				CLANG_WARN_INFINITE_RECURSION = YES;
				CLANG_WARN_INT_CONVERSION = YES;
				CLANG_WARN_NON_LITERAL_NULL_CONVERSION = YES;
				CLANG_WARN_OBJC_IMPLICIT_RETAIN_SELF = YES;
				CLANG_WARN_OBJC_LITERAL_CONVERSION = YES;
				CLANG_WARN_OBJC_ROOT_CLASS = YES_ERROR;
				CLANG_WARN_QUOTED_INCLUDE_IN_FRAMEWORK_HEADER = YES;
				CLANG_WARN_RANGE_LOOP_ANALYSIS = YES;
				CLANG_WARN_STRICT_PROTOTYPES = YES;
				CLANG_WARN_SUSPICIOUS_MOVE = YES;
				CLANG_WARN_UNGUARDED_AVAILABILITY = YES_AGGRESSIVE;
				CLANG_WARN_UNREACHABLE_CODE = YES;
				CLANG_WARN__DUPLICATE_METHOD_MATCH = YES;
				COPY_PHASE_STRIP = NO;
				DEBUG_INFORMATION_FORMAT = "dwarf-with-dsym";
				ENABLE_NS_ASSERTIONS = NO;
				ENABLE_STRICT_OBJC_MSGSEND = YES;
				GCC_C_LANGUAGE_STANDARD = gnu11;
				GCC_NO_COMMON_BLOCKS = YES;
				GCC_WARN_64_TO_32_BIT_CONVERSION = YES;
				GCC_WARN_ABOUT_RETURN_TYPE = YES_ERROR;
				GCC_WARN_UNDECLARED_SELECTOR = YES;
				GCC_WARN_UNINITIALIZED_AUTOS = YES_AGGRESSIVE;
				GCC_WARN_UNUSED_FUNCTION = YES;
				GCC_WARN_UNUSED_VARIABLE = YES;
				IPHONEOS_DEPLOYMENT_TARGET = 15.5;
				MTL_ENABLE_DEBUG_INFO = NO;
				MTL_FAST_MATH = YES;
				SDKROOT = iphoneos;
				SWIFT_COMPILATION_MODE = wholemodule;
				SWIFT_OPTIMIZATION_LEVEL = "-O";
				VALIDATE_PRODUCT = YES;
			};
			name = Release;
		};
		F8BFA59628B4059B00BD0E7F /* Debug */ = {
			isa = XCBuildConfiguration;
			buildSettings = {
				ASSETCATALOG_COMPILER_APPICON_NAME = AppIcon;
				ASSETCATALOG_COMPILER_GLOBAL_ACCENT_COLOR_NAME = AccentColor;
				CODE_SIGN_STYLE = Automatic;
				CURRENT_PROJECT_VERSION = 1;
				DEVELOPMENT_ASSET_PATHS = "\"store.s/Preview Content\"";
				ENABLE_PREVIEWS = YES;
				GENERATE_INFOPLIST_FILE = YES;
				INFOPLIST_KEY_UIApplicationSceneManifest_Generation = YES;
				INFOPLIST_KEY_UIApplicationSupportsIndirectInputEvents = YES;
				INFOPLIST_KEY_UILaunchScreen_Generation = YES;
				INFOPLIST_KEY_UISupportedInterfaceOrientations_iPad = "UIInterfaceOrientationPortrait UIInterfaceOrientationPortraitUpsideDown UIInterfaceOrientationLandscapeLeft UIInterfaceOrientationLandscapeRight";
				INFOPLIST_KEY_UISupportedInterfaceOrientations_iPhone = "UIInterfaceOrientationPortrait UIInterfaceOrientationLandscapeLeft UIInterfaceOrientationLandscapeRight";
				LD_RUNPATH_SEARCH_PATHS = (
					"$(inherited)",
					"@executable_path/Frameworks",
				);
				MARKETING_VERSION = 1.0;
				PRODUCT_BUNDLE_IDENTIFIER = "com.sedraasrawi.store-s";
				PRODUCT_NAME = "$(TARGET_NAME)";
				SWIFT_EMIT_LOC_STRINGS = YES;
				SWIFT_VERSION = 5.0;
				TARGETED_DEVICE_FAMILY = "1,2";
			};
			name = Debug;
		};
		F8BFA59728B4059B00BD0E7F /* Release */ = {
			isa = XCBuildConfiguration;
			buildSettings = {
				ASSETCATALOG_COMPILER_APPICON_NAME = AppIcon;
				ASSETCATALOG_COMPILER_GLOBAL_ACCENT_COLOR_NAME = AccentColor;
				CODE_SIGN_STYLE = Automatic;
				CURRENT_PROJECT_VERSION = 1;
				DEVELOPMENT_ASSET_PATHS = "\"store.s/Preview Content\"";
				ENABLE_PREVIEWS = YES;
				GENERATE_INFOPLIST_FILE = YES;
				INFOPLIST_KEY_UIApplicationSceneManifest_Generation = YES;
				INFOPLIST_KEY_UIApplicationSupportsIndirectInputEvents = YES;
				INFOPLIST_KEY_UILaunchScreen_Generation = YES;
				INFOPLIST_KEY_UISupportedInterfaceOrientations_iPad = "UIInterfaceOrientationPortrait UIInterfaceOrientationPortraitUpsideDown UIInterfaceOrientationLandscapeLeft UIInterfaceOrientationLandscapeRight";
				INFOPLIST_KEY_UISupportedInterfaceOrientations_iPhone = "UIInterfaceOrientationPortrait UIInterfaceOrientationLandscapeLeft UIInterfaceOrientationLandscapeRight";
				LD_RUNPATH_SEARCH_PATHS = (
					"$(inherited)",
					"@executable_path/Frameworks",
				);
				MARKETING_VERSION = 1.0;
				PRODUCT_BUNDLE_IDENTIFIER = "com.sedraasrawi.store-s";
				PRODUCT_NAME = "$(TARGET_NAME)";
				SWIFT_EMIT_LOC_STRINGS = YES;
				SWIFT_VERSION = 5.0;
				TARGETED_DEVICE_FAMILY = "1,2";
			};
			name = Release;
		};
/* End XCBuildConfiguration section */

/* Begin XCConfigurationList section */
		F8BFA58228B4059800BD0E7F /* Build configuration list for PBXProject "store.s" */ = {
			isa = XCConfigurationList;
			buildConfigurations = (
				F8BFA59328B4059B00BD0E7F /* Debug */,
				F8BFA59428B4059B00BD0E7F /* Release */,
			);
			defaultConfigurationIsVisible = 0;
			defaultConfigurationName = Release;
		};
		F8BFA59528B4059B00BD0E7F /* Build configuration list for PBXNativeTarget "store.s" */ = {
			isa = XCConfigurationList;
			buildConfigurations = (
				F8BFA59628B4059B00BD0E7F /* Debug */,
				F8BFA59728B4059B00BD0E7F /* Release */,
			);
			defaultConfigurationIsVisible = 0;
			defaultConfigurationName = Release;
		};
/* End XCConfigurationList section */
	};
	rootObject = F8BFA57F28B4059800BD0E7F /* Project object */;
}
